hash: 8348afcb421377f33e0a4c7764779a061a7e8f4ec8a0ce026fdfbb29433b147e
updated: 2017-01-05T11:13:15.547858987+03:00
imports:
- name: github.com/BurntSushi/toml
  version: 99064174e013895bbd9b025c31100bd1d9b590ca
- name: github.com/lib/pq
  version: 8df6253d1317616f36b0c3740eb30c239a7372cb
  subpackages:
  - oid
- name: github.com/netrack/net
  version: 3196ad20a679427d2ce5c7185a5ded2dd363419c
  subpackages:
  - encoding/binary
  - iana
  - l2
  - l3
- name: github.com/netrack/openflow
  version: 9ff982dddc0e30abf6c6def740870f9d73d8a132
  subpackages:
  - encoding/binary
  - ofp.v13
  - ofp.v13/ofputil
testImports: []
